
Microsoft Visual Studio Solution File, Format Version 12.00
# Visual Studio Version 17
VisualStudioVersion = 17.0.31815.197
MinimumVisualStudioVersion = 10.0.40219.1
Project("{9A19103F-16F7-4668-BE54-9A1E7A4F7556}") = "Client", "Client\Client.csproj", "{67C6ECCC-5244-4C95-B765-7CC2EF594D74}"
EndProject
Project("{2150E333-8FDC-42A3-9474-1A3956D46DE8}") = "Gateways", "Gateways", "{A7B0DEF1-75C8-440A-ADDC-D6C1B758D2AA}"
EndProject
Project("{9A19103F-16F7-4668-BE54-9A1E7A4F7556}") = "Core", "Core\Core.csproj", "{97D6A4C0-1682-4C0D-A449-D8BB9C606594}"
EndProject
Project("{2150E333-8FDC-42A3-9474-1A3956D46DE8}") = "Schwab", "Schwab", "{9AF565D1-31F6-416A-9A71-C755E355A741}"
EndProject
Project("{2150E333-8FDC-42A3-9474-1A3956D46DE8}") = "Simulation", "Simulation", "{CAD78AFC-793C-45A9-B5A5-628011D599E4}"
EndProject
Project("{9A19103F-16F7-4668-BE54-9A1E7A4F7556}") = "Simulation", "Gateways\Simulation\Libs\Simulation.csproj", "{1F838D97-6CF0-40E4-813F-B4C4707E4DDC}"
EndProject
Project("{9A19103F-16F7-4668-BE54-9A1E7A4F7556}") = "Schwab", "Gateways\Ameritrade\Libs\Schwab.csproj", "{697A2F71-6DC7-4AA3-9D5B-61899605BE3F}"
EndProject
Project("{9A19103F-16F7-4668-BE54-9A1E7A4F7556}") = "Tests", "Gateways\Ameritrade\Tests\Tests.csproj", "{8DA38824-8E1A-4E42-92AF-D1AA6F4AA730}"
EndProject
Project("{9A19103F-16F7-4668-BE54-9A1E7A4F7556}") = "Tests", "Gateways\Simulation\Tests\Tests.csproj", "{7FFC95C5-48CA-4475-BEA3-740CB427345C}"
EndProject
Project("{2150E333-8FDC-42A3-9474-1A3956D46DE8}") = "Alpaca", "Alpaca", "{E7CD6538-C7F9-4D33-9F0A-23A699FC84FB}"
EndProject
Project("{9A19103F-16F7-4668-BE54-9A1E7A4F7556}") = "Alpaca", "Gateways\Alpaca\Libs\Alpaca.csproj", "{9DF6CCD0-280E-4387-8222-460D52B17EB2}"
EndProject
Global
	GlobalSection(SolutionConfigurationPlatforms) = preSolution
		Debug|Any CPU = Debug|Any CPU
		Debug|x64 = Debug|x64
		Release|Any CPU = Release|Any CPU
		Release|x64 = Release|x64
	EndGlobalSection
	GlobalSection(ProjectConfigurationPlatforms) = postSolution
		{67C6ECCC-5244-4C95-B765-7CC2EF594D74}.Debug|Any CPU.ActiveCfg = Debug|Any CPU
		{67C6ECCC-5244-4C95-B765-7CC2EF594D74}.Debug|Any CPU.Build.0 = Debug|Any CPU
		{67C6ECCC-5244-4C95-B765-7CC2EF594D74}.Debug|x64.ActiveCfg = Debug|Any CPU
		{67C6ECCC-5244-4C95-B765-7CC2EF594D74}.Debug|x64.Build.0 = Debug|Any CPU
		{67C6ECCC-5244-4C95-B765-7CC2EF594D74}.Release|Any CPU.ActiveCfg = Release|Any CPU
		{67C6ECCC-5244-4C95-B765-7CC2EF594D74}.Release|Any CPU.Build.0 = Release|Any CPU
		{67C6ECCC-5244-4C95-B765-7CC2EF594D74}.Release|x64.ActiveCfg = Release|Any CPU
		{67C6ECCC-5244-4C95-B765-7CC2EF594D74}.Release|x64.Build.0 = Release|Any CPU
		{97D6A4C0-1682-4C0D-A449-D8BB9C606594}.Debug|Any CPU.ActiveCfg = Debug|Any CPU
		{97D6A4C0-1682-4C0D-A449-D8BB9C606594}.Debug|Any CPU.Build.0 = Debug|Any CPU
		{97D6A4C0-1682-4C0D-A449-D8BB9C606594}.Debug|x64.ActiveCfg = Debug|Any CPU
		{97D6A4C0-1682-4C0D-A449-D8BB9C606594}.Debug|x64.Build.0 = Debug|Any CPU
		{97D6A4C0-1682-4C0D-A449-D8BB9C606594}.Release|Any CPU.ActiveCfg = Release|Any CPU
		{97D6A4C0-1682-4C0D-A449-D8BB9C606594}.Release|Any CPU.Build.0 = Release|Any CPU
		{97D6A4C0-1682-4C0D-A449-D8BB9C606594}.Release|x64.ActiveCfg = Release|Any CPU
		{97D6A4C0-1682-4C0D-A449-D8BB9C606594}.Release|x64.Build.0 = Release|Any CPU
		{1F838D97-6CF0-40E4-813F-B4C4707E4DDC}.Debug|Any CPU.ActiveCfg = Debug|Any CPU
		{1F838D97-6CF0-40E4-813F-B4C4707E4DDC}.Debug|Any CPU.Build.0 = Debug|Any CPU
		{1F838D97-6CF0-40E4-813F-B4C4707E4DDC}.Debug|x64.ActiveCfg = Debug|Any CPU
		{1F838D97-6CF0-40E4-813F-B4C4707E4DDC}.Debug|x64.Build.0 = Debug|Any CPU
		{1F838D97-6CF0-40E4-813F-B4C4707E4DDC}.Release|Any CPU.ActiveCfg = Release|Any CPU
		{1F838D97-6CF0-40E4-813F-B4C4707E4DDC}.Release|Any CPU.Build.0 = Release|Any CPU
		{1F838D97-6CF0-40E4-813F-B4C4707E4DDC}.Release|x64.ActiveCfg = Release|Any CPU
		{1F838D97-6CF0-40E4-813F-B4C4707E4DDC}.Release|x64.Build.0 = Release|Any CPU
		{697A2F71-6DC7-4AA3-9D5B-61899605BE3F}.Debug|Any CPU.ActiveCfg = Debug|Any CPU
		{697A2F71-6DC7-4AA3-9D5B-61899605BE3F}.Debug|Any CPU.Build.0 = Debug|Any CPU
		{697A2F71-6DC7-4AA3-9D5B-61899605BE3F}.Debug|x64.ActiveCfg = Debug|Any CPU
		{697A2F71-6DC7-4AA3-9D5B-61899605BE3F}.Debug|x64.Build.0 = Debug|Any CPU
		{697A2F71-6DC7-4AA3-9D5B-61899605BE3F}.Release|Any CPU.ActiveCfg = Release|Any CPU
		{697A2F71-6DC7-4AA3-9D5B-61899605BE3F}.Release|Any CPU.Build.0 = Release|Any CPU
		{697A2F71-6DC7-4AA3-9D5B-61899605BE3F}.Release|x64.ActiveCfg = Release|Any CPU
		{697A2F71-6DC7-4AA3-9D5B-61899605BE3F}.Release|x64.Build.0 = Release|Any CPU
		{8DA38824-8E1A-4E42-92AF-D1AA6F4AA730}.Debug|Any CPU.ActiveCfg = Debug|Any CPU
		{8DA38824-8E1A-4E42-92AF-D1AA6F4AA730}.Debug|Any CPU.Build.0 = Debug|Any CPU
		{8DA38824-8E1A-4E42-92AF-D1AA6F4AA730}.Debug|x64.ActiveCfg = Debug|Any CPU
		{8DA38824-8E1A-4E42-92AF-D1AA6F4AA730}.Debug|x64.Build.0 = Debug|Any CPU
		{8DA38824-8E1A-4E42-92AF-D1AA6F4AA730}.Release|Any CPU.ActiveCfg = Release|Any CPU
		{8DA38824-8E1A-4E42-92AF-D1AA6F4AA730}.Release|Any CPU.Build.0 = Release|Any CPU
		{8DA38824-8E1A-4E42-92AF-D1AA6F4AA730}.Release|x64.ActiveCfg = Release|Any CPU
		{8DA38824-8E1A-4E42-92AF-D1AA6F4AA730}.Release|x64.Build.0 = Release|Any CPU
		{7FFC95C5-48CA-4475-BEA3-740CB427345C}.Debug|Any CPU.ActiveCfg = Debug|Any CPU
		{7FFC95C5-48CA-4475-BEA3-740CB427345C}.Debug|Any CPU.Build.0 = Debug|Any CPU
		{7FFC95C5-48CA-4475-BEA3-740CB427345C}.Debug|x64.ActiveCfg = Debug|Any CPU
		{7FFC95C5-48CA-4475-BEA3-740CB427345C}.Debug|x64.Build.0 = Debug|Any CPU
		{7FFC95C5-48CA-4475-BEA3-740CB427345C}.Release|Any CPU.ActiveCfg = Release|Any CPU
		{7FFC95C5-48CA-4475-BEA3-740CB427345C}.Release|Any CPU.Build.0 = Release|Any CPU
		{7FFC95C5-48CA-4475-BEA3-740CB427345C}.Release|x64.ActiveCfg = Release|Any CPU
		{7FFC95C5-48CA-4475-BEA3-740CB427345C}.Release|x64.Build.0 = Release|Any CPU
		{9DF6CCD0-280E-4387-8222-460D52B17EB2}.Debug|Any CPU.ActiveCfg = Debug|Any CPU
		{9DF6CCD0-280E-4387-8222-460D52B17EB2}.Debug|Any CPU.Build.0 = Debug|Any CPU
		{9DF6CCD0-280E-4387-8222-460D52B17EB2}.Debug|x64.ActiveCfg = Debug|Any CPU
		{9DF6CCD0-280E-4387-8222-460D52B17EB2}.Debug|x64.Build.0 = Debug|Any CPU
		{9DF6CCD0-280E-4387-8222-460D52B17EB2}.Release|Any CPU.ActiveCfg = Release|Any CPU
		{9DF6CCD0-280E-4387-8222-460D52B17EB2}.Release|Any CPU.Build.0 = Release|Any CPU
		{9DF6CCD0-280E-4387-8222-460D52B17EB2}.Release|x64.ActiveCfg = Release|Any CPU
		{9DF6CCD0-280E-4387-8222-460D52B17EB2}.Release|x64.Build.0 = Release|Any CPU
	EndGlobalSection
	GlobalSection(SolutionProperties) = preSolution
		HideSolutionNode = FALSE
	EndGlobalSection
	GlobalSection(NestedProjects) = preSolution
		{9AF565D1-31F6-416A-9A71-C755E355A741} = {A7B0DEF1-75C8-440A-ADDC-D6C1B758D2AA}
		{CAD78AFC-793C-45A9-B5A5-628011D599E4} = {A7B0DEF1-75C8-440A-ADDC-D6C1B758D2AA}
		{1F838D97-6CF0-40E4-813F-B4C4707E4DDC} = {CAD78AFC-793C-45A9-B5A5-628011D599E4}
		{697A2F71-6DC7-4AA3-9D5B-61899605BE3F} = {9AF565D1-31F6-416A-9A71-C755E355A741}
		{8DA38824-8E1A-4E42-92AF-D1AA6F4AA730} = {9AF565D1-31F6-416A-9A71-C755E355A741}
		{7FFC95C5-48CA-4475-BEA3-740CB427345C} = {CAD78AFC-793C-45A9-B5A5-628011D599E4}
		{E7CD6538-C7F9-4D33-9F0A-23A699FC84FB} = {A7B0DEF1-75C8-440A-ADDC-D6C1B758D2AA}
		{9DF6CCD0-280E-4387-8222-460D52B17EB2} = {E7CD6538-C7F9-4D33-9F0A-23A699FC84FB}
	EndGlobalSection
	GlobalSection(ExtensibilityGlobals) = postSolution
		SolutionGuid = {DF743EB8-FAC2-4496-8A95-66A93CF19B8B}
	EndGlobalSection
EndGlobal
